// !$*UTF8*$!
{
	archiveVersion = 1;
	classes = {
	};
	objectVersion = 56;
	objects = {

/* Begin PBXBuildFile section */
		/* jq_ios source files */
		E0001001 /* jq_tls.c in Sources */ = {isa = PBXBuildFile; fileRef = E0002001; };
		E0001002 /* jq_ios_main.c in Sources */ = {isa = PBXBuildFile; fileRef = E0002002; };

		/* jq core source files */
		E0001010 /* jv.c in Sources */ = {isa = PBXBuildFile; fileRef = E0002010; };
		E0001011 /* jv_alloc.c in Sources */ = {isa = PBXBuildFile; fileRef = E0002011; };
		E0001012 /* jv_aux.c in Sources */ = {isa = PBXBuildFile; fileRef = E0002012; };
		E0001013 /* jv_dtoa.c in Sources */ = {isa = PBXBuildFile; fileRef = E0002013; };
		E0001014 /* jv_dtoa_tsd.c in Sources */ = {isa = PBXBuildFile; fileRef = E0002014; };
		E0001015 /* jv_file.c in Sources */ = {isa = PBXBuildFile; fileRef = E0002015; };
		E0001016 /* jv_parse.c in Sources */ = {isa = PBXBuildFile; fileRef = E0002016; };
		E0001017 /* jv_print.c in Sources */ = {isa = PBXBuildFile; fileRef = E0002017; };
		E0001018 /* jv_unicode.c in Sources */ = {isa = PBXBuildFile; fileRef = E0002018; };
		E0001019 /* execute.c in Sources */ = {isa = PBXBuildFile; fileRef = E0002019; };
		E0001020 /* compile.c in Sources */ = {isa = PBXBuildFile; fileRef = E0002020; };
		E0001021 /* bytecode.c in Sources */ = {isa = PBXBuildFile; fileRef = E0002021; };
		E0001022 /* builtin.c in Sources */ = {isa = PBXBuildFile; fileRef = E0002022; };
		E0001023 /* lexer.c in Sources */ = {isa = PBXBuildFile; fileRef = E0002023; };
		E0001024 /* parser.c in Sources */ = {isa = PBXBuildFile; fileRef = E0002024; };
		E0001025 /* locfile.c in Sources */ = {isa = PBXBuildFile; fileRef = E0002025; };
		E0001026 /* linker.c in Sources */ = {isa = PBXBuildFile; fileRef = E0002026; };
		E0001027 /* util.c in Sources */ = {isa = PBXBuildFile; fileRef = E0002027; };

		/* decNumber */
		E0001030 /* decContext.c in Sources */ = {isa = PBXBuildFile; fileRef = E0002030; };
		E0001031 /* decNumber.c in Sources */ = {isa = PBXBuildFile; fileRef = E0002031; };

		/* Headers */
		E0001100 /* jq_ios.h in Headers */ = {isa = PBXBuildFile; fileRef = E0002100; settings = {ATTRIBUTES = (Public, ); }; };
		E0001101 /* jq_tls.h in Headers */ = {isa = PBXBuildFile; fileRef = E0002101; settings = {ATTRIBUTES = (Public, ); }; };
		E0001102 /* jq.h in Headers */ = {isa = PBXBuildFile; fileRef = E0002102; settings = {ATTRIBUTES = (Project, ); }; };
		E0001103 /* jv.h in Headers */ = {isa = PBXBuildFile; fileRef = E0002103; settings = {ATTRIBUTES = (Project, ); }; };

		/* oniguruma */
		E0001060 /* ascii.c in Sources */ = {isa = PBXBuildFile; fileRef = E0002060; };
		E0001061 /* big5.c in Sources */ = {isa = PBXBuildFile; fileRef = E0002061; };
		E0001062 /* cp1251.c in Sources */ = {isa = PBXBuildFile; fileRef = E0002062; };
		E0001063 /* euc_jp_prop.c in Sources */ = {isa = PBXBuildFile; fileRef = E0002063; };
		E0001064 /* euc_jp.c in Sources */ = {isa = PBXBuildFile; fileRef = E0002064; };
		E0001065 /* euc_kr.c in Sources */ = {isa = PBXBuildFile; fileRef = E0002065; };
		E0001066 /* euc_tw.c in Sources */ = {isa = PBXBuildFile; fileRef = E0002066; };
		E0001067 /* gb18030.c in Sources */ = {isa = PBXBuildFile; fileRef = E0002067; };
		E0001068 /* iso8859_1.c in Sources */ = {isa = PBXBuildFile; fileRef = E0002068; };
		E0001069 /* iso8859_10.c in Sources */ = {isa = PBXBuildFile; fileRef = E0002069; };
		E000106A /* iso8859_11.c in Sources */ = {isa = PBXBuildFile; fileRef = E000206A; };
		E000106B /* iso8859_13.c in Sources */ = {isa = PBXBuildFile; fileRef = E000206B; };
		E000106C /* iso8859_14.c in Sources */ = {isa = PBXBuildFile; fileRef = E000206C; };
		E000106D /* iso8859_15.c in Sources */ = {isa = PBXBuildFile; fileRef = E000206D; };
		E000106E /* iso8859_16.c in Sources */ = {isa = PBXBuildFile; fileRef = E000206E; };
		E000106F /* iso8859_2.c in Sources */ = {isa = PBXBuildFile; fileRef = E000206F; };
		E0001070 /* iso8859_3.c in Sources */ = {isa = PBXBuildFile; fileRef = E0002070; };
		E0001071 /* iso8859_4.c in Sources */ = {isa = PBXBuildFile; fileRef = E0002071; };
		E0001072 /* iso8859_5.c in Sources */ = {isa = PBXBuildFile; fileRef = E0002072; };
		E0001073 /* iso8859_6.c in Sources */ = {isa = PBXBuildFile; fileRef = E0002073; };
		E0001074 /* iso8859_7.c in Sources */ = {isa = PBXBuildFile; fileRef = E0002074; };
		E0001075 /* iso8859_8.c in Sources */ = {isa = PBXBuildFile; fileRef = E0002075; };
		E0001076 /* iso8859_9.c in Sources */ = {isa = PBXBuildFile; fileRef = E0002076; };
		E0001077 /* koi8_r.c in Sources */ = {isa = PBXBuildFile; fileRef = E0002077; };
		E0001079 /* onig_init.c in Sources */ = {isa = PBXBuildFile; fileRef = E0002079; };
		E000107A /* regcomp.c in Sources */ = {isa = PBXBuildFile; fileRef = E000207A; };
		E000107B /* regenc.c in Sources */ = {isa = PBXBuildFile; fileRef = E000207B; };
		E000107C /* regerror.c in Sources */ = {isa = PBXBuildFile; fileRef = E000207C; };
		E000107D /* regexec.c in Sources */ = {isa = PBXBuildFile; fileRef = E000207D; };
		E000107E /* regext.c in Sources */ = {isa = PBXBuildFile; fileRef = E000207E; };
		E000107F /* reggnu.c in Sources */ = {isa = PBXBuildFile; fileRef = E000207F; };
		E0001080 /* regparse.c in Sources */ = {isa = PBXBuildFile; fileRef = E0002080; };
		E0001081 /* regposerr.c in Sources */ = {isa = PBXBuildFile; fileRef = E0002081; };
		E0001082 /* regposix.c in Sources */ = {isa = PBXBuildFile; fileRef = E0002082; };
		E0001083 /* regsyntax.c in Sources */ = {isa = PBXBuildFile; fileRef = E0002083; };
		E0001084 /* regtrav.c in Sources */ = {isa = PBXBuildFile; fileRef = E0002084; };
		E0001085 /* regversion.c in Sources */ = {isa = PBXBuildFile; fileRef = E0002085; };
		E0001086 /* sjis_prop.c in Sources */ = {isa = PBXBuildFile; fileRef = E0002086; };
		E0001087 /* sjis.c in Sources */ = {isa = PBXBuildFile; fileRef = E0002087; };
		E0001088 /* st.c in Sources */ = {isa = PBXBuildFile; fileRef = E0002088; };
		E000108B /* unicode_fold1_key.c in Sources */ = {isa = PBXBuildFile; fileRef = E000208B; };
		E000108C /* unicode_fold2_key.c in Sources */ = {isa = PBXBuildFile; fileRef = E000208C; };
		E000108D /* unicode_fold3_key.c in Sources */ = {isa = PBXBuildFile; fileRef = E000208D; };
		E0001090 /* unicode_unfold_key.c in Sources */ = {isa = PBXBuildFile; fileRef = E0002090; };
		E0001092 /* unicode.c in Sources */ = {isa = PBXBuildFile; fileRef = E0002092; };
		E0001093 /* utf16_be.c in Sources */ = {isa = PBXBuildFile; fileRef = E0002093; };
		E0001094 /* utf16_le.c in Sources */ = {isa = PBXBuildFile; fileRef = E0002094; };
		E0001095 /* utf32_be.c in Sources */ = {isa = PBXBuildFile; fileRef = E0002095; };
		E0001096 /* utf32_le.c in Sources */ = {isa = PBXBuildFile; fileRef = E0002096; };
		E0001097 /* utf8.c in Sources */ = {isa = PBXBuildFile; fileRef = E0002097; };
/* End PBXBuildFile section */

/* Begin PBXFileReference section */
		/* Framework product */
		E0003000 /* jq_ios.framework */ = {isa = PBXFileReference; explicitFileType = wrapper.framework; includeInIndex = 0; path = jq_ios.framework; sourceTree = BUILT_PRODUCTS_DIR; };

		/* jq_ios source files */
		E0002001 /* jq_tls.c */ = {isa = PBXFileReference; lastKnownFileType = sourcecode.c.c; path = jq_tls.c; sourceTree = "<group>"; };
		E0002002 /* jq_ios_main.c */ = {isa = PBXFileReference; lastKnownFileType = sourcecode.c.c; path = jq_ios_main.c; sourceTree = "<group>"; };
		E0002100 /* jq_ios.h */ = {isa = PBXFileReference; lastKnownFileType = sourcecode.c.h; path = jq_ios.h; sourceTree = "<group>"; };
		E0002101 /* jq_tls.h */ = {isa = PBXFileReference; lastKnownFileType = sourcecode.c.h; path = jq_tls.h; sourceTree = "<group>"; };
		E0002150 /* Info.plist */ = {isa = PBXFileReference; lastKnownFileType = text.plist.xml; path = Info.plist; sourceTree = "<group>"; };
		E0002151 /* module.modulemap */ = {isa = PBXFileReference; lastKnownFileType = "sourcecode.module-map"; path = module.modulemap; sourceTree = "<group>"; };

		/* jq core source files */
		E0002010 /* jv.c */ = {isa = PBXFileReference; lastKnownFileType = sourcecode.c.c; name = jv.c; path = ../src/jv.c; sourceTree = "<group>"; };
		E0002011 /* jv_alloc.c */ = {isa = PBXFileReference; lastKnownFileType = sourcecode.c.c; name = jv_alloc.c; path = ../src/jv_alloc.c; sourceTree = "<group>"; };
		E0002012 /* jv_aux.c */ = {isa = PBXFileReference; lastKnownFileType = sourcecode.c.c; name = jv_aux.c; path = ../src/jv_aux.c; sourceTree = "<group>"; };
		E0002013 /* jv_dtoa.c */ = {isa = PBXFileReference; lastKnownFileType = sourcecode.c.c; name = jv_dtoa.c; path = ../src/jv_dtoa.c; sourceTree = "<group>"; };
		E0002014 /* jv_dtoa_tsd.c */ = {isa = PBXFileReference; lastKnownFileType = sourcecode.c.c; name = jv_dtoa_tsd.c; path = ../src/jv_dtoa_tsd.c; sourceTree = "<group>"; };
		E0002015 /* jv_file.c */ = {isa = PBXFileReference; lastKnownFileType = sourcecode.c.c; name = jv_file.c; path = ../src/jv_file.c; sourceTree = "<group>"; };
		E0002016 /* jv_parse.c */ = {isa = PBXFileReference; lastKnownFileType = sourcecode.c.c; name = jv_parse.c; path = ../src/jv_parse.c; sourceTree = "<group>"; };
		E0002017 /* jv_print.c */ = {isa = PBXFileReference; lastKnownFileType = sourcecode.c.c; name = jv_print.c; path = ../src/jv_print.c; sourceTree = "<group>"; };
		E0002018 /* jv_unicode.c */ = {isa = PBXFileReference; lastKnownFileType = sourcecode.c.c; name = jv_unicode.c; path = ../src/jv_unicode.c; sourceTree = "<group>"; };
		E0002019 /* execute.c */ = {isa = PBXFileReference; lastKnownFileType = sourcecode.c.c; name = execute.c; path = ../src/execute.c; sourceTree = "<group>"; };
		E0002020 /* compile.c */ = {isa = PBXFileReference; lastKnownFileType = sourcecode.c.c; name = compile.c; path = ../src/compile.c; sourceTree = "<group>"; };
		E0002021 /* bytecode.c */ = {isa = PBXFileReference; lastKnownFileType = sourcecode.c.c; name = bytecode.c; path = ../src/bytecode.c; sourceTree = "<group>"; };
		E0002022 /* builtin.c */ = {isa = PBXFileReference; lastKnownFileType = sourcecode.c.c; name = builtin.c; path = ../src/builtin.c; sourceTree = "<group>"; };
		E0002023 /* lexer.c */ = {isa = PBXFileReference; lastKnownFileType = sourcecode.c.c; name = lexer.c; path = ../src/lexer.c; sourceTree = "<group>"; };
		E0002024 /* parser.c */ = {isa = PBXFileReference; lastKnownFileType = sourcecode.c.c; name = parser.c; path = ../src/parser.c; sourceTree = "<group>"; };
		E0002025 /* locfile.c */ = {isa = PBXFileReference; lastKnownFileType = sourcecode.c.c; name = locfile.c; path = ../src/locfile.c; sourceTree = "<group>"; };
		E0002026 /* linker.c */ = {isa = PBXFileReference; lastKnownFileType = sourcecode.c.c; name = linker.c; path = ../src/linker.c; sourceTree = "<group>"; };
		E0002027 /* util.c */ = {isa = PBXFileReference; lastKnownFileType = sourcecode.c.c; name = util.c; path = ../src/util.c; sourceTree = "<group>"; };

		/* jq headers */
		E0002102 /* jq.h */ = {isa = PBXFileReference; lastKnownFileType = sourcecode.c.h; name = jq.h; path = ../src/jq.h; sourceTree = "<group>"; };
		E0002103 /* jv.h */ = {isa = PBXFileReference; lastKnownFileType = sourcecode.c.h; name = jv.h; path = ../src/jv.h; sourceTree = "<group>"; };

		/* decNumber */
		E0002030 /* decContext.c */ = {isa = PBXFileReference; lastKnownFileType = sourcecode.c.c; name = decContext.c; path = ../vendor/decNumber/decContext.c; sourceTree = "<group>"; };
		E0002031 /* decNumber.c */ = {isa = PBXFileReference; lastKnownFileType = sourcecode.c.c; name = decNumber.c; path = ../vendor/decNumber/decNumber.c; sourceTree = "<group>"; };

		/* oniguruma */
		E0002060 /* ascii.c */ = {isa = PBXFileReference; lastKnownFileType = sourcecode.c.c; name = ascii.c; path = ../vendor/oniguruma/src/ascii.c; sourceTree = "<group>"; };
		E0002061 /* big5.c */ = {isa = PBXFileReference; lastKnownFileType = sourcecode.c.c; name = big5.c; path = ../vendor/oniguruma/src/big5.c; sourceTree = "<group>"; };
		E0002062 /* cp1251.c */ = {isa = PBXFileReference; lastKnownFileType = sourcecode.c.c; name = cp1251.c; path = ../vendor/oniguruma/src/cp1251.c; sourceTree = "<group>"; };
		E0002063 /* euc_jp_prop.c */ = {isa = PBXFileReference; lastKnownFileType = sourcecode.c.c; name = euc_jp_prop.c; path = ../vendor/oniguruma/src/euc_jp_prop.c; sourceTree = "<group>"; };
		E0002064 /* euc_jp.c */ = {isa = PBXFileReference; lastKnownFileType = sourcecode.c.c; name = euc_jp.c; path = ../vendor/oniguruma/src/euc_jp.c; sourceTree = "<group>"; };
		E0002065 /* euc_kr.c */ = {isa = PBXFileReference; lastKnownFileType = sourcecode.c.c; name = euc_kr.c; path = ../vendor/oniguruma/src/euc_kr.c; sourceTree = "<group>"; };
		E0002066 /* euc_tw.c */ = {isa = PBXFileReference; lastKnownFileType = sourcecode.c.c; name = euc_tw.c; path = ../vendor/oniguruma/src/euc_tw.c; sourceTree = "<group>"; };
		E0002067 /* gb18030.c */ = {isa = PBXFileReference; lastKnownFileType = sourcecode.c.c; name = gb18030.c; path = ../vendor/oniguruma/src/gb18030.c; sourceTree = "<group>"; };
		E0002068 /* iso8859_1.c */ = {isa = PBXFileReference; lastKnownFileType = sourcecode.c.c; name = iso8859_1.c; path = ../vendor/oniguruma/src/iso8859_1.c; sourceTree = "<group>"; };
		E0002069 /* iso8859_10.c */ = {isa = PBXFileReference; lastKnownFileType = sourcecode.c.c; name = iso8859_10.c; path = ../vendor/oniguruma/src/iso8859_10.c; sourceTree = "<group>"; };
		E000206A /* iso8859_11.c */ = {isa = PBXFileReference; lastKnownFileType = sourcecode.c.c; name = iso8859_11.c; path = ../vendor/oniguruma/src/iso8859_11.c; sourceTree = "<group>"; };
		E000206B /* iso8859_13.c */ = {isa = PBXFileReference; lastKnownFileType = sourcecode.c.c; name = iso8859_13.c; path = ../vendor/oniguruma/src/iso8859_13.c; sourceTree = "<group>"; };
		E000206C /* iso8859_14.c */ = {isa = PBXFileReference; lastKnownFileType = sourcecode.c.c; name = iso8859_14.c; path = ../vendor/oniguruma/src/iso8859_14.c; sourceTree = "<group>"; };
		E000206D /* iso8859_15.c */ = {isa = PBXFileReference; lastKnownFileType = sourcecode.c.c; name = iso8859_15.c; path = ../vendor/oniguruma/src/iso8859_15.c; sourceTree = "<group>"; };
		E000206E /* iso8859_16.c */ = {isa = PBXFileReference; lastKnownFileType = sourcecode.c.c; name = iso8859_16.c; path = ../vendor/oniguruma/src/iso8859_16.c; sourceTree = "<group>"; };
		E000206F /* iso8859_2.c */ = {isa = PBXFileReference; lastKnownFileType = sourcecode.c.c; name = iso8859_2.c; path = ../vendor/oniguruma/src/iso8859_2.c; sourceTree = "<group>"; };
		E0002070 /* iso8859_3.c */ = {isa = PBXFileReference; lastKnownFileType = sourcecode.c.c; name = iso8859_3.c; path = ../vendor/oniguruma/src/iso8859_3.c; sourceTree = "<group>"; };
		E0002071 /* iso8859_4.c */ = {isa = PBXFileReference; lastKnownFileType = sourcecode.c.c; name = iso8859_4.c; path = ../vendor/oniguruma/src/iso8859_4.c; sourceTree = "<group>"; };
		E0002072 /* iso8859_5.c */ = {isa = PBXFileReference; lastKnownFileType = sourcecode.c.c; name = iso8859_5.c; path = ../vendor/oniguruma/src/iso8859_5.c; sourceTree = "<group>"; };
		E0002073 /* iso8859_6.c */ = {isa = PBXFileReference; lastKnownFileType = sourcecode.c.c; name = iso8859_6.c; path = ../vendor/oniguruma/src/iso8859_6.c; sourceTree = "<group>"; };
		E0002074 /* iso8859_7.c */ = {isa = PBXFileReference; lastKnownFileType = sourcecode.c.c; name = iso8859_7.c; path = ../vendor/oniguruma/src/iso8859_7.c; sourceTree = "<group>"; };
		E0002075 /* iso8859_8.c */ = {isa = PBXFileReference; lastKnownFileType = sourcecode.c.c; name = iso8859_8.c; path = ../vendor/oniguruma/src/iso8859_8.c; sourceTree = "<group>"; };
		E0002076 /* iso8859_9.c */ = {isa = PBXFileReference; lastKnownFileType = sourcecode.c.c; name = iso8859_9.c; path = ../vendor/oniguruma/src/iso8859_9.c; sourceTree = "<group>"; };
		E0002077 /* koi8_r.c */ = {isa = PBXFileReference; lastKnownFileType = sourcecode.c.c; name = koi8_r.c; path = ../vendor/oniguruma/src/koi8_r.c; sourceTree = "<group>"; };
		E0002079 /* onig_init.c */ = {isa = PBXFileReference; lastKnownFileType = sourcecode.c.c; name = onig_init.c; path = ../vendor/oniguruma/src/onig_init.c; sourceTree = "<group>"; };
		E000207A /* regcomp.c */ = {isa = PBXFileReference; lastKnownFileType = sourcecode.c.c; name = regcomp.c; path = ../vendor/oniguruma/src/regcomp.c; sourceTree = "<group>"; };
		E000207B /* regenc.c */ = {isa = PBXFileReference; lastKnownFileType = sourcecode.c.c; name = regenc.c; path = ../vendor/oniguruma/src/regenc.c; sourceTree = "<group>"; };
		E000207C /* regerror.c */ = {isa = PBXFileReference; lastKnownFileType = sourcecode.c.c; name = regerror.c; path = ../vendor/oniguruma/src/regerror.c; sourceTree = "<group>"; };
		E000207D /* regexec.c */ = {isa = PBXFileReference; lastKnownFileType = sourcecode.c.c; name = regexec.c; path = ../vendor/oniguruma/src/regexec.c; sourceTree = "<group>"; };
		E000207E /* regext.c */ = {isa = PBXFileReference; lastKnownFileType = sourcecode.c.c; name = regext.c; path = ../vendor/oniguruma/src/regext.c; sourceTree = "<group>"; };
		E000207F /* reggnu.c */ = {isa = PBXFileReference; lastKnownFileType = sourcecode.c.c; name = reggnu.c; path = ../vendor/oniguruma/src/reggnu.c; sourceTree = "<group>"; };
		E0002080 /* regparse.c */ = {isa = PBXFileReference; lastKnownFileType = sourcecode.c.c; name = regparse.c; path = ../vendor/oniguruma/src/regparse.c; sourceTree = "<group>"; };
		E0002081 /* regposerr.c */ = {isa = PBXFileReference; lastKnownFileType = sourcecode.c.c; name = regposerr.c; path = ../vendor/oniguruma/src/regposerr.c; sourceTree = "<group>"; };
		E0002082 /* regposix.c */ = {isa = PBXFileReference; lastKnownFileType = sourcecode.c.c; name = regposix.c; path = ../vendor/oniguruma/src/regposix.c; sourceTree = "<group>"; };
		E0002083 /* regsyntax.c */ = {isa = PBXFileReference; lastKnownFileType = sourcecode.c.c; name = regsyntax.c; path = ../vendor/oniguruma/src/regsyntax.c; sourceTree = "<group>"; };
		E0002084 /* regtrav.c */ = {isa = PBXFileReference; lastKnownFileType = sourcecode.c.c; name = regtrav.c; path = ../vendor/oniguruma/src/regtrav.c; sourceTree = "<group>"; };
		E0002085 /* regversion.c */ = {isa = PBXFileReference; lastKnownFileType = sourcecode.c.c; name = regversion.c; path = ../vendor/oniguruma/src/regversion.c; sourceTree = "<group>"; };
		E0002086 /* sjis_prop.c */ = {isa = PBXFileReference; lastKnownFileType = sourcecode.c.c; name = sjis_prop.c; path = ../vendor/oniguruma/src/sjis_prop.c; sourceTree = "<group>"; };
		E0002087 /* sjis.c */ = {isa = PBXFileReference; lastKnownFileType = sourcecode.c.c; name = sjis.c; path = ../vendor/oniguruma/src/sjis.c; sourceTree = "<group>"; };
		E0002088 /* st.c */ = {isa = PBXFileReference; lastKnownFileType = sourcecode.c.c; name = st.c; path = ../vendor/oniguruma/src/st.c; sourceTree = "<group>"; };
		E000208B /* unicode_fold1_key.c */ = {isa = PBXFileReference; lastKnownFileType = sourcecode.c.c; name = unicode_fold1_key.c; path = ../vendor/oniguruma/src/unicode_fold1_key.c; sourceTree = "<group>"; };
		E000208C /* unicode_fold2_key.c */ = {isa = PBXFileReference; lastKnownFileType = sourcecode.c.c; name = unicode_fold2_key.c; path = ../vendor/oniguruma/src/unicode_fold2_key.c; sourceTree = "<group>"; };
		E000208D /* unicode_fold3_key.c */ = {isa = PBXFileReference; lastKnownFileType = sourcecode.c.c; name = unicode_fold3_key.c; path = ../vendor/oniguruma/src/unicode_fold3_key.c; sourceTree = "<group>"; };
		E0002090 /* unicode_unfold_key.c */ = {isa = PBXFileReference; lastKnownFileType = sourcecode.c.c; name = unicode_unfold_key.c; path = ../vendor/oniguruma/src/unicode_unfold_key.c; sourceTree = "<group>"; };
		E0002092 /* unicode.c */ = {isa = PBXFileReference; lastKnownFileType = sourcecode.c.c; name = unicode.c; path = ../vendor/oniguruma/src/unicode.c; sourceTree = "<group>"; };
		E0002093 /* utf16_be.c */ = {isa = PBXFileReference; lastKnownFileType = sourcecode.c.c; name = utf16_be.c; path = ../vendor/oniguruma/src/utf16_be.c; sourceTree = "<group>"; };
		E0002094 /* utf16_le.c */ = {isa = PBXFileReference; lastKnownFileType = sourcecode.c.c; name = utf16_le.c; path = ../vendor/oniguruma/src/utf16_le.c; sourceTree = "<group>"; };
		E0002095 /* utf32_be.c */ = {isa = PBXFileReference; lastKnownFileType = sourcecode.c.c; name = utf32_be.c; path = ../vendor/oniguruma/src/utf32_be.c; sourceTree = "<group>"; };
		E0002096 /* utf32_le.c */ = {isa = PBXFileReference; lastKnownFileType = sourcecode.c.c; name = utf32_le.c; path = ../vendor/oniguruma/src/utf32_le.c; sourceTree = "<group>"; };
		E0002097 /* utf8.c */ = {isa = PBXFileReference; lastKnownFileType = sourcecode.c.c; name = utf8.c; path = ../vendor/oniguruma/src/utf8.c; sourceTree = "<group>"; };
/* End PBXFileReference section */

/* Begin PBXFrameworksBuildPhase section */
		E0004001 /* Frameworks */ = {
			isa = PBXFrameworksBuildPhase;
			buildActionMask = 2147483647;
			files = (
			);
			runOnlyForDeploymentPostprocessing = 0;
		};
/* End PBXFrameworksBuildPhase section */

/* Begin PBXGroup section */
		E0005000 = {
			isa = PBXGroup;
			children = (
				E0005001 /* jq_ios */,
				E0005002 /* jq_src */,
				E0005003 /* decNumber */,
				E0005005 /* oniguruma */,
				E0005004 /* Products */,
			);
			sourceTree = "<group>";
		};
		E0005001 /* jq_ios */ = {
			isa = PBXGroup;
			children = (
				E0002100 /* jq_ios.h */,
				E0002101 /* jq_tls.h */,
				E0002001 /* jq_tls.c */,
				E0002002 /* jq_ios_main.c */,
				E0002150 /* Info.plist */,
				E0002151 /* module.modulemap */,
			);
			path = jq_ios;
			sourceTree = "<group>";
		};
		E0005002 /* jq_src */ = {
			isa = PBXGroup;
			children = (
				E0002102 /* jq.h */,
				E0002103 /* jv.h */,
				E0002010 /* jv.c */,
				E0002011 /* jv_alloc.c */,
				E0002012 /* jv_aux.c */,
				E0002013 /* jv_dtoa.c */,
				E0002014 /* jv_dtoa_tsd.c */,
				E0002015 /* jv_file.c */,
				E0002016 /* jv_parse.c */,
				E0002017 /* jv_print.c */,
				E0002018 /* jv_unicode.c */,
				E0002019 /* execute.c */,
				E0002020 /* compile.c */,
				E0002021 /* bytecode.c */,
				E0002022 /* builtin.c */,
				E0002023 /* lexer.c */,
				E0002024 /* parser.c */,
				E0002025 /* locfile.c */,
				E0002026 /* linker.c */,
				E0002027 /* util.c */,
			);
			name = jq_src;
			sourceTree = "<group>";
		};
		E0005003 /* decNumber */ = {
			isa = PBXGroup;
			children = (
				E0002030 /* decContext.c */,
				E0002031 /* decNumber.c */,
			);
			name = decNumber;
			sourceTree = "<group>";
		};
		E0005005 /* oniguruma */ = {
			isa = PBXGroup;
			children = (
				E0002060 /* ascii.c */,
				E0002061 /* big5.c */,
				E0002062 /* cp1251.c */,
				E0002063 /* euc_jp_prop.c */,
				E0002064 /* euc_jp.c */,
				E0002065 /* euc_kr.c */,
				E0002066 /* euc_tw.c */,
				E0002067 /* gb18030.c */,
				E0002068 /* iso8859_1.c */,
				E0002069 /* iso8859_10.c */,
				E000206A /* iso8859_11.c */,
				E000206B /* iso8859_13.c */,
				E000206C /* iso8859_14.c */,
				E000206D /* iso8859_15.c */,
				E000206E /* iso8859_16.c */,
				E000206F /* iso8859_2.c */,
				E0002070 /* iso8859_3.c */,
				E0002071 /* iso8859_4.c */,
				E0002072 /* iso8859_5.c */,
				E0002073 /* iso8859_6.c */,
				E0002074 /* iso8859_7.c */,
				E0002075 /* iso8859_8.c */,
				E0002076 /* iso8859_9.c */,
				E0002077 /* koi8_r.c */,
				E0002079 /* onig_init.c */,
				E000207A /* regcomp.c */,
				E000207B /* regenc.c */,
				E000207C /* regerror.c */,
				E000207D /* regexec.c */,
				E000207E /* regext.c */,
				E000207F /* reggnu.c */,
				E0002080 /* regparse.c */,
				E0002081 /* regposerr.c */,
				E0002082 /* regposix.c */,
				E0002083 /* regsyntax.c */,
				E0002084 /* regtrav.c */,
				E0002085 /* regversion.c */,
				E0002086 /* sjis_prop.c */,
				E0002087 /* sjis.c */,
				E0002088 /* st.c */,
				E000208B /* unicode_fold1_key.c */,
				E000208C /* unicode_fold2_key.c */,
				E000208D /* unicode_fold3_key.c */,
				E0002090 /* unicode_unfold_key.c */,
				E0002092 /* unicode.c */,
				E0002093 /* utf16_be.c */,
				E0002094 /* utf16_le.c */,
				E0002095 /* utf32_be.c */,
				E0002096 /* utf32_le.c */,
				E0002097 /* utf8.c */,
			);
			name = oniguruma;
			sourceTree = "<group>";
		};
		E0005004 /* Products */ = {
			isa = PBXGroup;
			children = (
				E0003000 /* jq_ios.framework */,
			);
			name = Products;
			sourceTree = "<group>";
		};
/* End PBXGroup section */

/* Begin PBXHeadersBuildPhase section */
		E0006001 /* Headers */ = {
			isa = PBXHeadersBuildPhase;
			buildActionMask = 2147483647;
			files = (
				E0001100 /* jq_ios.h in Headers */,
				E0001101 /* jq_tls.h in Headers */,
				E0001102 /* jq.h in Headers */,
				E0001103 /* jv.h in Headers */,
			);
			runOnlyForDeploymentPostprocessing = 0;
		};
/* End PBXHeadersBuildPhase section */

/* Begin PBXNativeTarget section */
		E0007001 /* jq_ios */ = {
			isa = PBXNativeTarget;
			buildConfigurationList = E0008001 /* Build configuration list for PBXNativeTarget "jq_ios" */;
			buildPhases = (
				E0006001 /* Headers */,
				E0007002 /* Sources */,
				E0004001 /* Frameworks */,
			);
			buildRules = (
			);
			dependencies = (
			);
			name = jq_ios;
			productName = jq_ios;
			productReference = E0003000 /* jq_ios.framework */;
			productType = "com.apple.product-type.framework";
		};
/* End PBXNativeTarget section */

/* Begin PBXProject section */
		E0009001 /* Project object */ = {
			isa = PBXProject;
			attributes = {
				BuildIndependentTargetsInParallel = 1;
				LastUpgradeCheck = 1500;
				TargetAttributes = {
					E0007001 = {
						CreatedOnToolsVersion = 15.0;
					};
				};
			};
			buildConfigurationList = E0008002 /* Build configuration list for PBXProject "jq_ios" */;
			compatibilityVersion = "Xcode 14.0";
			developmentRegion = en;
			hasScannedForEncodings = 0;
			knownRegions = (
				en,
				Base,
			);
			mainGroup = E0005000;
			productRefGroup = E0005004 /* Products */;
			projectDirPath = "";
			projectRoot = "";
			targets = (
				E0007001 /* jq_ios */,
			);
		};
/* End PBXProject section */

/* Begin PBXSourcesBuildPhase section */
		E0007002 /* Sources */ = {
			isa = PBXSourcesBuildPhase;
			buildActionMask = 2147483647;
			files = (
				E0001001 /* jq_tls.c in Sources */,
				E0001002 /* jq_ios_main.c in Sources */,
				E0001010 /* jv.c in Sources */,
				E0001011 /* jv_alloc.c in Sources */,
				E0001012 /* jv_aux.c in Sources */,
				E0001013 /* jv_dtoa.c in Sources */,
				E0001014 /* jv_dtoa_tsd.c in Sources */,
				E0001015 /* jv_file.c in Sources */,
				E0001016 /* jv_parse.c in Sources */,
				E0001017 /* jv_print.c in Sources */,
				E0001018 /* jv_unicode.c in Sources */,
				E0001019 /* execute.c in Sources */,
				E0001020 /* compile.c in Sources */,
				E0001021 /* bytecode.c in Sources */,
				E0001022 /* builtin.c in Sources */,
				E0001023 /* lexer.c in Sources */,
				E0001024 /* parser.c in Sources */,
				E0001025 /* locfile.c in Sources */,
				E0001026 /* linker.c in Sources */,
				E0001027 /* util.c in Sources */,
				E0001030 /* decContext.c in Sources */,
				E0001031 /* decNumber.c in Sources */,
				/* oniguruma */
				E0001060 /* ascii.c in Sources */,
				E0001061 /* big5.c in Sources */,
				E0001062 /* cp1251.c in Sources */,
				E0001063 /* euc_jp_prop.c in Sources */,
				E0001064 /* euc_jp.c in Sources */,
				E0001065 /* euc_kr.c in Sources */,
				E0001066 /* euc_tw.c in Sources */,
				E0001067 /* gb18030.c in Sources */,
				E0001068 /* iso8859_1.c in Sources */,
				E0001069 /* iso8859_10.c in Sources */,
				E000106A /* iso8859_11.c in Sources */,
				E000106B /* iso8859_13.c in Sources */,
				E000106C /* iso8859_14.c in Sources */,
				E000106D /* iso8859_15.c in Sources */,
				E000106E /* iso8859_16.c in Sources */,
				E000106F /* iso8859_2.c in Sources */,
				E0001070 /* iso8859_3.c in Sources */,
				E0001071 /* iso8859_4.c in Sources */,
				E0001072 /* iso8859_5.c in Sources */,
				E0001073 /* iso8859_6.c in Sources */,
				E0001074 /* iso8859_7.c in Sources */,
				E0001075 /* iso8859_8.c in Sources */,
				E0001076 /* iso8859_9.c in Sources */,
				E0001077 /* koi8_r.c in Sources */,
				E0001079 /* onig_init.c in Sources */,
				E000107A /* regcomp.c in Sources */,
				E000107B /* regenc.c in Sources */,
				E000107C /* regerror.c in Sources */,
				E000107D /* regexec.c in Sources */,
				E000107E /* regext.c in Sources */,
				E000107F /* reggnu.c in Sources */,
				E0001080 /* regparse.c in Sources */,
				E0001081 /* regposerr.c in Sources */,
				E0001082 /* regposix.c in Sources */,
				E0001083 /* regsyntax.c in Sources */,
				E0001084 /* regtrav.c in Sources */,
				E0001085 /* regversion.c in Sources */,
				E0001086 /* sjis_prop.c in Sources */,
				E0001087 /* sjis.c in Sources */,
				E0001088 /* st.c in Sources */,
				E000108B /* unicode_fold1_key.c in Sources */,
				E000108C /* unicode_fold2_key.c in Sources */,
				E000108D /* unicode_fold3_key.c in Sources */,
				E0001090 /* unicode_unfold_key.c in Sources */,
				E0001092 /* unicode.c in Sources */,
				E0001093 /* utf16_be.c in Sources */,
				E0001094 /* utf16_le.c in Sources */,
				E0001095 /* utf32_be.c in Sources */,
				E0001096 /* utf32_le.c in Sources */,
				E0001097 /* utf8.c in Sources */,
			);
			runOnlyForDeploymentPostprocessing = 0;
		};
/* End PBXSourcesBuildPhase section */

/* Begin XCBuildConfiguration section */
		E000A001 /* Debug */ = {
			isa = XCBuildConfiguration;
			buildSettings = {
				ALWAYS_SEARCH_USER_PATHS = NO;
				CLANG_ANALYZER_NONNULL = YES;
				CLANG_ANALYZER_NUMBER_OBJECT_CONVERSION = YES_AGGRESSIVE;
				CLANG_CXX_LANGUAGE_STANDARD = "gnu++20";
				CLANG_ENABLE_MODULES = YES;
				CLANG_ENABLE_OBJC_ARC = YES;
				CLANG_ENABLE_OBJC_WEAK = YES;
				CLANG_WARN_BLOCK_CAPTURE_AUTORELEASING = YES;
				CLANG_WARN_BOOL_CONVERSION = YES;
				CLANG_WARN_COMMA = YES;
				CLANG_WARN_CONSTANT_CONVERSION = YES;
				CLANG_WARN_DEPRECATED_OBJC_IMPLEMENTATIONS = YES;
				CLANG_WARN_DIRECT_OBJC_ISA_USAGE = YES_ERROR;
				CLANG_WARN_DOCUMENTATION_COMMENTS = YES;
				CLANG_WARN_EMPTY_BODY = YES;
				CLANG_WARN_ENUM_CONVERSION = YES;
				CLANG_WARN_INFINITE_RECURSION = YES;
				CLANG_WARN_INT_CONVERSION = YES;
				CLANG_WARN_NON_LITERAL_NULL_CONVERSION = YES;
				CLANG_WARN_OBJC_IMPLICIT_RETAIN_SELF = YES;
				CLANG_WARN_OBJC_LITERAL_CONVERSION = YES;
				CLANG_WARN_OBJC_ROOT_CLASS = YES_ERROR;
				CLANG_WARN_QUOTED_INCLUDE_IN_FRAMEWORK_HEADER = NO;
				CLANG_WARN_RANGE_LOOP_ANALYSIS = YES;
				CLANG_WARN_STRICT_PROTOTYPES = YES;
				CLANG_WARN_SUSPICIOUS_MOVE = YES;
				CLANG_WARN_UNGUARDED_AVAILABILITY = YES_AGGRESSIVE;
				CLANG_WARN_UNREACHABLE_CODE = YES;
				CLANG_WARN__DUPLICATE_METHOD_MATCH = YES;
				COPY_PHASE_STRIP = NO;
				DEBUG_INFORMATION_FORMAT = dwarf;
				ENABLE_STRICT_OBJC_MSGSEND = YES;
				ENABLE_TESTABILITY = YES;
				GCC_C_LANGUAGE_STANDARD = gnu17;
				GCC_DYNAMIC_NO_PIC = NO;
				GCC_NO_COMMON_BLOCKS = YES;
				GCC_OPTIMIZATION_LEVEL = 0;
				GCC_PREPROCESSOR_DEFINITIONS = (
					"DEBUG=1",
					"$(inherited)",
				);
				GCC_WARN_64_TO_32_BIT_CONVERSION = YES;
				GCC_WARN_ABOUT_RETURN_TYPE = YES_ERROR;
				GCC_WARN_UNDECLARED_SELECTOR = YES;
				GCC_WARN_UNINITIALIZED_AUTOS = YES_AGGRESSIVE;
				GCC_WARN_UNUSED_FUNCTION = YES;
				GCC_WARN_UNUSED_VARIABLE = YES;
				IPHONEOS_DEPLOYMENT_TARGET = 15.0;
				LOCALIZATION_PREFERS_STRING_CATALOGS = YES;
				MTL_ENABLE_DEBUG_INFO = INCLUDE_SOURCE;
				MTL_FAST_MATH = YES;
				ONLY_ACTIVE_ARCH = YES;
				SDKROOT = iphoneos;
				SUPPORTED_PLATFORMS = "iphoneos iphonesimulator xros xrsimulator macosx";
			};
			name = Debug;
		};
		E000A002 /* Release */ = {
			isa = XCBuildConfiguration;
			buildSettings = {
				ALWAYS_SEARCH_USER_PATHS = NO;
				CLANG_ANALYZER_NONNULL = YES;
				CLANG_ANALYZER_NUMBER_OBJECT_CONVERSION = YES_AGGRESSIVE;
				CLANG_CXX_LANGUAGE_STANDARD = "gnu++20";
				CLANG_ENABLE_MODULES = YES;
				CLANG_ENABLE_OBJC_ARC = YES;
				CLANG_ENABLE_OBJC_WEAK = YES;
				CLANG_WARN_BLOCK_CAPTURE_AUTORELEASING = YES;
				CLANG_WARN_BOOL_CONVERSION = YES;
				CLANG_WARN_COMMA = YES;
				CLANG_WARN_CONSTANT_CONVERSION = YES;
				CLANG_WARN_DEPRECATED_OBJC_IMPLEMENTATIONS = YES;
				CLANG_WARN_DIRECT_OBJC_ISA_USAGE = YES_ERROR;
				CLANG_WARN_DOCUMENTATION_COMMENTS = YES;
				CLANG_WARN_EMPTY_BODY = YES;
				CLANG_WARN_ENUM_CONVERSION = YES;
				CLANG_WARN_INFINITE_RECURSION = YES;
				CLANG_WARN_INT_CONVERSION = YES;
				CLANG_WARN_NON_LITERAL_NULL_CONVERSION = YES;
				CLANG_WARN_OBJC_IMPLICIT_RETAIN_SELF = YES;
				CLANG_WARN_OBJC_LITERAL_CONVERSION = YES;
				CLANG_WARN_OBJC_ROOT_CLASS = YES_ERROR;
				CLANG_WARN_QUOTED_INCLUDE_IN_FRAMEWORK_HEADER = NO;
				CLANG_WARN_RANGE_LOOP_ANALYSIS = YES;
				CLANG_WARN_STRICT_PROTOTYPES = YES;
				CLANG_WARN_SUSPICIOUS_MOVE = YES;
				CLANG_WARN_UNGUARDED_AVAILABILITY = YES_AGGRESSIVE;
				CLANG_WARN_UNREACHABLE_CODE = YES;
				CLANG_WARN__DUPLICATE_METHOD_MATCH = YES;
				COPY_PHASE_STRIP = NO;
				DEBUG_INFORMATION_FORMAT = "dwarf-with-dsym";
				ENABLE_NS_ASSERTIONS = NO;
				ENABLE_STRICT_OBJC_MSGSEND = YES;
				GCC_C_LANGUAGE_STANDARD = gnu17;
				GCC_NO_COMMON_BLOCKS = YES;
				GCC_WARN_64_TO_32_BIT_CONVERSION = YES;
				GCC_WARN_ABOUT_RETURN_TYPE = YES_ERROR;
				GCC_WARN_UNDECLARED_SELECTOR = YES;
				GCC_WARN_UNINITIALIZED_AUTOS = YES_AGGRESSIVE;
				GCC_WARN_UNUSED_FUNCTION = YES;
				GCC_WARN_UNUSED_VARIABLE = YES;
				IPHONEOS_DEPLOYMENT_TARGET = 15.0;
				LOCALIZATION_PREFERS_STRING_CATALOGS = YES;
				MTL_ENABLE_DEBUG_INFO = NO;
				MTL_FAST_MATH = YES;
				SDKROOT = iphoneos;
				SUPPORTED_PLATFORMS = "iphoneos iphonesimulator xros xrsimulator macosx";
				VALIDATE_PRODUCT = YES;
			};
			name = Release;
		};
		E000B001 /* Debug */ = {
			isa = XCBuildConfiguration;
			buildSettings = {
				BUILD_LIBRARY_FOR_DISTRIBUTION = YES;
				CODE_SIGN_STYLE = Automatic;
				CURRENT_PROJECT_VERSION = 1;
				DEFINES_MODULE = YES;
				DYLIB_COMPATIBILITY_VERSION = 1;
				DYLIB_CURRENT_VERSION = 1;
				DYLIB_INSTALL_NAME_BASE = "@rpath";
				ENABLE_MODULE_VERIFIER = YES;
				GENERATE_INFOPLIST_FILE = YES;
				INFOPLIST_FILE = jq_ios/Info.plist;
				INFOPLIST_KEY_NSHumanReadableCopyright = "Copyright (c) 2012 Stephen Dolan. MIT License.";
				INSTALL_PATH = "$(LOCAL_LIBRARY_DIR)/Frameworks";
				IPHONEOS_DEPLOYMENT_TARGET = 15.0;
				LD_RUNPATH_SEARCH_PATHS = (
					"$(inherited)",
					"@executable_path/Frameworks",
					"@loader_path/Frameworks",
				);
				MACOSX_DEPLOYMENT_TARGET = 12.0;
				MARKETING_VERSION = 1.7.1;
				MODULEMAP_FILE = jq_ios/module.modulemap;
				MODULE_VERIFIER_SUPPORTED_LANGUAGES = "objective-c objective-c++";
				MODULE_VERIFIER_SUPPORTED_LANGUAGE_STANDARDS = "gnu17 gnu++20";
				PRODUCT_BUNDLE_IDENTIFIER = "org.jqlang.jq-ios";
				PRODUCT_NAME = "$(TARGET_NAME:c99extidentifier)";
				SKIP_INSTALL = NO;
				SUPPORTS_MACCATALYST = YES;
				SWIFT_EMIT_LOC_STRINGS = YES;
				TARGETED_DEVICE_FAMILY = "1,2,7";
				XROS_DEPLOYMENT_TARGET = 1.0;
				GCC_PREPROCESSOR_DEFINITIONS = (
					"DEBUG=1",
					"JQ_IOS_BUILD=1",
					"HAVE_LIBONIG=1",
					"USE_DECNUM=1",
					"HAVE_ISATTY=1",
					"HAVE_SETLOCALE=1",
					"IEEE_8087=1",
					"$(inherited)",
				);
				HEADER_SEARCH_PATHS = (
					"$(inherited)",
					"$(PROJECT_DIR)/..",
					"$(PROJECT_DIR)/../src",
					"$(PROJECT_DIR)/../vendor/oniguruma/src",
					"$(PROJECT_DIR)/../vendor",
					"$(PROJECT_DIR)/jq_ios",
				);
				OTHER_CFLAGS = (
					"-D_REENTRANT",
				);
				OTHER_LDFLAGS = (
					"-undefined",
					"dynamic_lookup",
				);
			};
			name = Debug;
		};
		E000B002 /* Release */ = {
			isa = XCBuildConfiguration;
			buildSettings = {
				BUILD_LIBRARY_FOR_DISTRIBUTION = YES;
				CODE_SIGN_STYLE = Automatic;
				CURRENT_PROJECT_VERSION = 1;
				DEFINES_MODULE = YES;
				DYLIB_COMPATIBILITY_VERSION = 1;
				DYLIB_CURRENT_VERSION = 1;
				DYLIB_INSTALL_NAME_BASE = "@rpath";
				ENABLE_MODULE_VERIFIER = YES;
				GENERATE_INFOPLIST_FILE = YES;
				INFOPLIST_FILE = jq_ios/Info.plist;
				INFOPLIST_KEY_NSHumanReadableCopyright = "Copyright (c) 2012 Stephen Dolan. MIT License.";
				INSTALL_PATH = "$(LOCAL_LIBRARY_DIR)/Frameworks";
				IPHONEOS_DEPLOYMENT_TARGET = 15.0;
				LD_RUNPATH_SEARCH_PATHS = (
					"$(inherited)",
					"@executable_path/Frameworks",
					"@loader_path/Frameworks",
				);
				MACOSX_DEPLOYMENT_TARGET = 12.0;
				MARKETING_VERSION = 1.7.1;
				MODULEMAP_FILE = jq_ios/module.modulemap;
				MODULE_VERIFIER_SUPPORTED_LANGUAGES = "objective-c objective-c++";
				MODULE_VERIFIER_SUPPORTED_LANGUAGE_STANDARDS = "gnu17 gnu++20";
				PRODUCT_BUNDLE_IDENTIFIER = "org.jqlang.jq-ios";
				PRODUCT_NAME = "$(TARGET_NAME:c99extidentifier)";
				SKIP_INSTALL = NO;
				SUPPORTS_MACCATALYST = YES;
				SWIFT_EMIT_LOC_STRINGS = YES;
				TARGETED_DEVICE_FAMILY = "1,2,7";
				XROS_DEPLOYMENT_TARGET = 1.0;
				GCC_PREPROCESSOR_DEFINITIONS = (
					"JQ_IOS_BUILD=1",
					"HAVE_LIBONIG=1",
					"USE_DECNUM=1",
					"HAVE_ISATTY=1",
					"HAVE_SETLOCALE=1",
					"IEEE_8087=1",
					"$(inherited)",
				);
				HEADER_SEARCH_PATHS = (
					"$(inherited)",
					"$(PROJECT_DIR)/..",
					"$(PROJECT_DIR)/../src",
					"$(PROJECT_DIR)/../vendor/oniguruma/src",
					"$(PROJECT_DIR)/../vendor",
					"$(PROJECT_DIR)/jq_ios",
				);
				OTHER_CFLAGS = (
					"-D_REENTRANT",
				);
				OTHER_LDFLAGS = (
					"-undefined",
					"dynamic_lookup",
				);
			};
			name = Release;
		};
/* End XCBuildConfiguration section */

/* Begin XCConfigurationList section */
		E0008001 /* Build configuration list for PBXNativeTarget "jq_ios" */ = {
			isa = XCConfigurationList;
			buildConfigurations = (
				E000B001 /* Debug */,
				E000B002 /* Release */,
			);
			defaultConfigurationIsVisible = 0;
			defaultConfigurationName = Release;
		};
		E0008002 /* Build configuration list for PBXProject "jq_ios" */ = {
			isa = XCConfigurationList;
			buildConfigurations = (
				E000A001 /* Debug */,
				E000A002 /* Release */,
			);
			defaultConfigurationIsVisible = 0;
			defaultConfigurationName = Release;
		};
/* End XCConfigurationList section */
	};
	rootObject = E0009001 /* Project object */;
}
